
Microsoft Visual Studio Solution File, Format Version 12.00
# Visual Studio 15
VisualStudioVersion = 15.0.27703.2042
MinimumVisualStudioVersion = 10.0.40219.1
Project("{FAE04EC0-301F-11D3-BF4B-00C04F79EFBC}") = "MotZebSsi", "MotZebSsi\MotZebSsi.csproj", "{0053C4CC-47FD-43C2-AF08-3CB99FF64FD9}"
EndProject
Project("{FAE04EC0-301F-11D3-BF4B-00C04F79EFBC}") = "MotZebSsiTest", "MotZebSsiTest\MotZebSsiTest.csproj", "{0E9220E7-2FA4-4F53-AEBA-1D67B63E0E21}"
EndProject
Global
	GlobalSection(SolutionConfigurationPlatforms) = preSolution
		Debug|Any CPU = Debug|Any CPU
		Release|Any CPU = Release|Any CPU
	EndGlobalSection
	GlobalSection(ProjectConfigurationPlatforms) = postSolution
		{0053C4CC-47FD-43C2-AF08-3CB99FF64FD9}.Debug|Any CPU.ActiveCfg = Debug|Any CPU
		{0053C4CC-47FD-43C2-AF08-3CB99FF64FD9}.Debug|Any CPU.Build.0 = Debug|Any CPU
		{0053C4CC-47FD-43C2-AF08-3CB99FF64FD9}.Release|Any CPU.ActiveCfg = Release|Any CPU
		{0053C4CC-47FD-43C2-AF08-3CB99FF64FD9}.Release|Any CPU.Build.0 = Release|Any CPU
		{0E9220E7-2FA4-4F53-AEBA-1D67B63E0E21}.Debug|Any CPU.ActiveCfg = Debug|Any CPU
		{0E9220E7-2FA4-4F53-AEBA-1D67B63E0E21}.Debug|Any CPU.Build.0 = Debug|Any CPU
		{0E9220E7-2FA4-4F53-AEBA-1D67B63E0E21}.Release|Any CPU.ActiveCfg = Release|Any CPU
		{0E9220E7-2FA4-4F53-AEBA-1D67B63E0E21}.Release|Any CPU.Build.0 = Release|Any CPU
	EndGlobalSection
	GlobalSection(SolutionProperties) = preSolution
		HideSolutionNode = FALSE
	EndGlobalSection
	GlobalSection(ExtensibilityGlobals) = postSolution
		SolutionGuid = {F98E4435-D669-43A9-A5C0-C332909DB65D}
	EndGlobalSection
EndGlobal
